
Microsoft Visual Studio Solution File, Format Version 12.00
# Visual Studio Version 16
VisualStudioVersion = 16.0.29728.190
MinimumVisualStudioVersion = 10.0.40219.1
Project("{9A19103F-16F7-4668-BE54-9A1E7A4F7556}") = "ProcessoImportacaoCte", "ProcessoImportacao\ProcessoImportacaoCte.csproj", "{DF53FDCA-9516-4362-BC0A-9B0D9A37A0FD}"
EndProject
Global
	GlobalSection(SolutionConfigurationPlatforms) = preSolution
		Debug|Any CPU = Debug|Any CPU
		Release|Any CPU = Release|Any CPU
	EndGlobalSection
	GlobalSection(ProjectConfigurationPlatforms) = postSolution
		{DF53FDCA-9516-4362-BC0A-9B0D9A37A0FD}.Debug|Any CPU.ActiveCfg = Debug|Any CPU
		{DF53FDCA-9516-4362-BC0A-9B0D9A37A0FD}.Debug|Any CPU.Build.0 = Debug|Any CPU
		{DF53FDCA-9516-4362-BC0A-9B0D9A37A0FD}.Release|Any CPU.ActiveCfg = Release|Any CPU
		{DF53FDCA-9516-4362-BC0A-9B0D9A37A0FD}.Release|Any CPU.Build.0 = Release|Any CPU
	EndGlobalSection
	GlobalSection(SolutionProperties) = preSolution
		HideSolutionNode = FALSE
	EndGlobalSection
	GlobalSection(ExtensibilityGlobals) = postSolution
		SolutionGuid = {A16A386F-5622-42F9-A84D-4BE0DA7EECBB}
	EndGlobalSection
EndGlobal
