
Microsoft Visual Studio Solution File, Format Version 12.00
# Visual Studio Version 16
VisualStudioVersion = 16.0.29728.190
MinimumVisualStudioVersion = 10.0.40219.1
Project("{FAE04EC0-301F-11D3-BF4B-00C04F79EFBC}") = "ConexaoMySQL", "ConexaoMySQL\ConexaoMySQL.csproj", "{19EACE04-8875-47DC-A99C-79B6D5E85BBB}"
EndProject
Global
	GlobalSection(SolutionConfigurationPlatforms) = preSolution
		Debug|Any CPU = Debug|Any CPU
		Release|Any CPU = Release|Any CPU
	EndGlobalSection
	GlobalSection(ProjectConfigurationPlatforms) = postSolution
		{19EACE04-8875-47DC-A99C-79B6D5E85BBB}.Debug|Any CPU.ActiveCfg = Debug|Any CPU
		{19EACE04-8875-47DC-A99C-79B6D5E85BBB}.Debug|Any CPU.Build.0 = Debug|Any CPU
		{19EACE04-8875-47DC-A99C-79B6D5E85BBB}.Release|Any CPU.ActiveCfg = Release|Any CPU
		{19EACE04-8875-47DC-A99C-79B6D5E85BBB}.Release|Any CPU.Build.0 = Release|Any CPU
	EndGlobalSection
	GlobalSection(SolutionProperties) = preSolution
		HideSolutionNode = FALSE
	EndGlobalSection
	GlobalSection(ExtensibilityGlobals) = postSolution
		SolutionGuid = {38321F34-DF3D-497A-9E90-2C1460DDDE29}
	EndGlobalSection
EndGlobal
