
Microsoft Visual Studio Solution File, Format Version 12.00
# Visual Studio Version 16
VisualStudioVersion = 16.0.29509.3
MinimumVisualStudioVersion = 10.0.40219.1
Project("{FAE04EC0-301F-11D3-BF4B-00C04F79EFBC}") = "ApiCrud", "ApiCrud\ApiCrud.csproj", "{127F3D55-935B-4A10-A15A-5B977AF0891E}"
EndProject
Global
	GlobalSection(SolutionConfigurationPlatforms) = preSolution
		Debug|Any CPU = Debug|Any CPU
		Release|Any CPU = Release|Any CPU
	EndGlobalSection
	GlobalSection(ProjectConfigurationPlatforms) = postSolution
		{127F3D55-935B-4A10-A15A-5B977AF0891E}.Debug|Any CPU.ActiveCfg = Debug|Any CPU
		{127F3D55-935B-4A10-A15A-5B977AF0891E}.Debug|Any CPU.Build.0 = Debug|Any CPU
		{127F3D55-935B-4A10-A15A-5B977AF0891E}.Release|Any CPU.ActiveCfg = Release|Any CPU
		{127F3D55-935B-4A10-A15A-5B977AF0891E}.Release|Any CPU.Build.0 = Release|Any CPU
	EndGlobalSection
	GlobalSection(SolutionProperties) = preSolution
		HideSolutionNode = FALSE
	EndGlobalSection
	GlobalSection(ExtensibilityGlobals) = postSolution
		SolutionGuid = {EB00C96B-DBF9-4853-B90A-195FB8DCF7C3}
	EndGlobalSection
EndGlobal
